
Microsoft Visual Studio Solution File, Format Version 12.00
# Visual Studio Version 17
VisualStudioVersion = 17.14.36127.28
MinimumVisualStudioVersion = 10.0.40219.1
Project("{FAE04EC0-301F-11D3-BF4B-00C04F79EFBC}") = "binary_node1", "binary_node1\binary_node1.csproj", "{2EA7000B-491C-4BC7-8BD1-F7A4AA4755FC}"
EndProject
Project("{FAE04EC0-301F-11D3-BF4B-00C04F79EFBC}") = "nary_node1", "nary_node1\nary_node1.csproj", "{74444272-AC3B-4784-8C83-028C7C51AEEE}"
EndProject
Global
	GlobalSection(SolutionConfigurationPlatforms) = preSolution
		Debug|Any CPU = Debug|Any CPU
		Release|Any CPU = Release|Any CPU
	EndGlobalSection
	GlobalSection(ProjectConfigurationPlatforms) = postSolution
		{2EA7000B-491C-4BC7-8BD1-F7A4AA4755FC}.Debug|Any CPU.ActiveCfg = Debug|Any CPU
		{2EA7000B-491C-4BC7-8BD1-F7A4AA4755FC}.Debug|Any CPU.Build.0 = Debug|Any CPU
		{2EA7000B-491C-4BC7-8BD1-F7A4AA4755FC}.Release|Any CPU.ActiveCfg = Release|Any CPU
		{2EA7000B-491C-4BC7-8BD1-F7A4AA4755FC}.Release|Any CPU.Build.0 = Release|Any CPU
		{74444272-AC3B-4784-8C83-028C7C51AEEE}.Debug|Any CPU.ActiveCfg = Debug|Any CPU
		{74444272-AC3B-4784-8C83-028C7C51AEEE}.Debug|Any CPU.Build.0 = Debug|Any CPU
		{74444272-AC3B-4784-8C83-028C7C51AEEE}.Release|Any CPU.ActiveCfg = Release|Any CPU
		{74444272-AC3B-4784-8C83-028C7C51AEEE}.Release|Any CPU.Build.0 = Release|Any CPU
	EndGlobalSection
	GlobalSection(SolutionProperties) = preSolution
		HideSolutionNode = FALSE
	EndGlobalSection
	GlobalSection(ExtensibilityGlobals) = postSolution
		SolutionGuid = {5A16B4EB-9018-4C7B-A0E2-9015A47DD658}
	EndGlobalSection
EndGlobal
